
Microsoft Visual Studio Solution File, Format Version 12.00
# Visual Studio Version 17
VisualStudioVersion = 17.3.32922.545
MinimumVisualStudioVersion = 10.0.40219.1
Project("{FAE04EC0-301F-11D3-BF4B-00C04F79EFBC}") = "Gustav2", "Gustav2\Gustav2.csproj", "{5484D66F-324F-4D33-908E-59CDB1B0CE76}"
EndProject
Global
	GlobalSection(SolutionConfigurationPlatforms) = preSolution
		Debug|Any CPU = Debug|Any CPU
		Release|Any CPU = Release|Any CPU
	EndGlobalSection
	GlobalSection(ProjectConfigurationPlatforms) = postSolution
		{5484D66F-324F-4D33-908E-59CDB1B0CE76}.Debug|Any CPU.ActiveCfg = Debug|Any CPU
		{5484D66F-324F-4D33-908E-59CDB1B0CE76}.Debug|Any CPU.Build.0 = Debug|Any CPU
		{5484D66F-324F-4D33-908E-59CDB1B0CE76}.Release|Any CPU.ActiveCfg = Release|Any CPU
		{5484D66F-324F-4D33-908E-59CDB1B0CE76}.Release|Any CPU.Build.0 = Release|Any CPU
	EndGlobalSection
	GlobalSection(SolutionProperties) = preSolution
		HideSolutionNode = FALSE
	EndGlobalSection
	GlobalSection(ExtensibilityGlobals) = postSolution
		SolutionGuid = {3249DFD6-8969-4717-9BE7-788AEE5DA120}
	EndGlobalSection
EndGlobal
